// !$*UTF8*$!
{
	archiveVersion = 1;
	classes = {
	};
	objectVersion = 50;
	objects = {

/* Begin PBXBuildFile section */
		B436688626D68FCB00E6F235 /* AppDelegate.swift in Sources */ = {isa = PBXBuildFile; fileRef = B436688526D68FCB00E6F235 /* AppDelegate.swift */; };
		B436688826D68FCB00E6F235 /* SceneDelegate.swift in Sources */ = {isa = PBXBuildFile; fileRef = B436688726D68FCB00E6F235 /* SceneDelegate.swift */; };
		B436688A26D68FCB00E6F235 /* ViewController.swift in Sources */ = {isa = PBXBuildFile; fileRef = B436688926D68FCB00E6F235 /* ViewController.swift */; };
		B436688D26D68FCB00E6F235 /* Main.storyboard in Resources */ = {isa = PBXBuildFile; fileRef = B436688B26D68FCB00E6F235 /* Main.storyboard */; };
		B436688F26D68FD000E6F235 /* Assets.xcassets in Resources */ = {isa = PBXBuildFile; fileRef = B436688E26D68FD000E6F235 /* Assets.xcassets */; };
		B436689226D68FD000E6F235 /* LaunchScreen.storyboard in Resources */ = {isa = PBXBuildFile; fileRef = B436689026D68FD000E6F235 /* LaunchScreen.storyboard */; };
		B43668A626D9320A00E6F235 /* DataModel.swift in Sources */ = {isa = PBXBuildFile; fileRef = B43668A526D9320A00E6F235 /* DataModel.swift */; };
		B43668A826D932B400E6F235 /* TableViewCell.swift in Sources */ = {isa = PBXBuildFile; fileRef = B43668A726D932B400E6F235 /* TableViewCell.swift */; };
		B43668AA26DA17B000E6F235 /* NetworkService.swift in Sources */ = {isa = PBXBuildFile; fileRef = B43668A926DA17AF00E6F235 /* NetworkService.swift */; };
		B43668AD26DAF78D00E6F235 /* CompetitionViewController.swift in Sources */ = {isa = PBXBuildFile; fileRef = B43668AC26DAF78D00E6F235 /* CompetitionViewController.swift */; };
		B43668AF26DAFD6000E6F235 /* CompetitionTableViewCell.swift in Sources */ = {isa = PBXBuildFile; fileRef = B43668AE26DAFD6000E6F235 /* CompetitionTableViewCell.swift */; };
/* End PBXBuildFile section */

/* Begin PBXFileReference section */
		B436688226D68FCB00E6F235 /* Football_fixtures.app */ = {isa = PBXFileReference; explicitFileType = wrapper.application; includeInIndex = 0; path = Football_fixtures.app; sourceTree = BUILT_PRODUCTS_DIR; };
		B436688526D68FCB00E6F235 /* AppDelegate.swift */ = {isa = PBXFileReference; lastKnownFileType = sourcecode.swift; path = AppDelegate.swift; sourceTree = "<group>"; };
		B436688726D68FCB00E6F235 /* SceneDelegate.swift */ = {isa = PBXFileReference; lastKnownFileType = sourcecode.swift; path = SceneDelegate.swift; sourceTree = "<group>"; };
		B436688926D68FCB00E6F235 /* ViewController.swift */ = {isa = PBXFileReference; lastKnownFileType = sourcecode.swift; path = ViewController.swift; sourceTree = "<group>"; };
		B436688C26D68FCB00E6F235 /* Base */ = {isa = PBXFileReference; lastKnownFileType = file.storyboard; name = Base; path = Base.lproj/Main.storyboard; sourceTree = "<group>"; };
		B436688E26D68FD000E6F235 /* Assets.xcassets */ = {isa = PBXFileReference; lastKnownFileType = folder.assetcatalog; path = Assets.xcassets; sourceTree = "<group>"; };
		B436689126D68FD000E6F235 /* Base */ = {isa = PBXFileReference; lastKnownFileType = file.storyboard; name = Base; path = Base.lproj/LaunchScreen.storyboard; sourceTree = "<group>"; };
		B436689326D68FD000E6F235 /* Info.plist */ = {isa = PBXFileReference; lastKnownFileType = text.plist.xml; path = Info.plist; sourceTree = "<group>"; };
		B43668A526D9320A00E6F235 /* DataModel.swift */ = {isa = PBXFileReference; lastKnownFileType = sourcecode.swift; path = DataModel.swift; sourceTree = "<group>"; };
		B43668A726D932B400E6F235 /* TableViewCell.swift */ = {isa = PBXFileReference; lastKnownFileType = sourcecode.swift; path = TableViewCell.swift; sourceTree = "<group>"; };
		B43668A926DA17AF00E6F235 /* NetworkService.swift */ = {isa = PBXFileReference; lastKnownFileType = sourcecode.swift; path = NetworkService.swift; sourceTree = "<group>"; };
		B43668AC26DAF78D00E6F235 /* CompetitionViewController.swift */ = {isa = PBXFileReference; lastKnownFileType = sourcecode.swift; path = CompetitionViewController.swift; sourceTree = "<group>"; };
		B43668AE26DAFD6000E6F235 /* CompetitionTableViewCell.swift */ = {isa = PBXFileReference; lastKnownFileType = sourcecode.swift; path = CompetitionTableViewCell.swift; sourceTree = "<group>"; };
/* End PBXFileReference section */

/* Begin PBXFrameworksBuildPhase section */
		B436687F26D68FCB00E6F235 /* Frameworks */ = {
			isa = PBXFrameworksBuildPhase;
			buildActionMask = 2147483647;
			files = (
			);
			runOnlyForDeploymentPostprocessing = 0;
		};
/* End PBXFrameworksBuildPhase section */

/* Begin PBXGroup section */
		B436687926D68FCB00E6F235 = {
			isa = PBXGroup;
			children = (
				B43668AB26DAF5DE00E6F235 /* SecondTab */,
				B43668A426D931E300E6F235 /* Model */,
				B436688426D68FCB00E6F235 /* Football_fixtures */,
				B436688326D68FCB00E6F235 /* Products */,
			);
			sourceTree = "<group>";
		};
		B436688326D68FCB00E6F235 /* Products */ = {
			isa = PBXGroup;
			children = (
				B436688226D68FCB00E6F235 /* Football_fixtures.app */,
			);
			name = Products;
			sourceTree = "<group>";
		};
		B436688426D68FCB00E6F235 /* Football_fixtures */ = {
			isa = PBXGroup;
			children = (
				B436688526D68FCB00E6F235 /* AppDelegate.swift */,
				B436688726D68FCB00E6F235 /* SceneDelegate.swift */,
				B43668B026DAFEF000E6F235 /* Livescores */,
				B436688B26D68FCB00E6F235 /* Main.storyboard */,
				B436688E26D68FD000E6F235 /* Assets.xcassets */,
				B436689026D68FD000E6F235 /* LaunchScreen.storyboard */,
				B436689326D68FD000E6F235 /* Info.plist */,
				B43668A926DA17AF00E6F235 /* NetworkService.swift */,
			);
			path = Football_fixtures;
			sourceTree = "<group>";
		};
		B43668A426D931E300E6F235 /* Model */ = {
			isa = PBXGroup;
			children = (
				B43668A526D9320A00E6F235 /* DataModel.swift */,
			);
			path = Model;
			sourceTree = "<group>";
		};
		B43668AB26DAF5DE00E6F235 /* SecondTab */ = {
			isa = PBXGroup;
			children = (
				B43668AC26DAF78D00E6F235 /* CompetitionViewController.swift */,
				B43668AE26DAFD6000E6F235 /* CompetitionTableViewCell.swift */,
			);
			path = SecondTab;
			sourceTree = "<group>";
		};
		B43668B026DAFEF000E6F235 /* Livescores */ = {
			isa = PBXGroup;
			children = (
				B436688926D68FCB00E6F235 /* ViewController.swift */,
				B43668A726D932B400E6F235 /* TableViewCell.swift */,
			);
			path = Livescores;
			sourceTree = "<group>";
		};
/* End PBXGroup section */

/* Begin PBXNativeTarget section */
		B436688126D68FCB00E6F235 /* Football_fixtures */ = {
			isa = PBXNativeTarget;
			buildConfigurationList = B436689626D68FD000E6F235 /* Build configuration list for PBXNativeTarget "Football_fixtures" */;
			buildPhases = (
				B436687E26D68FCB00E6F235 /* Sources */,
				B436687F26D68FCB00E6F235 /* Frameworks */,
				B436688026D68FCB00E6F235 /* Resources */,
			);
			buildRules = (
			);
			dependencies = (
			);
			name = Football_fixtures;
			productName = Football_fixtures;
			productReference = B436688226D68FCB00E6F235 /* Football_fixtures.app */;
			productType = "com.apple.product-type.application";
		};
/* End PBXNativeTarget section */

/* Begin PBXProject section */
		B436687A26D68FCB00E6F235 /* Project object */ = {
			isa = PBXProject;
			attributes = {
				LastSwiftUpdateCheck = 1250;
				LastUpgradeCheck = 1250;
				TargetAttributes = {
					B436688126D68FCB00E6F235 = {
						CreatedOnToolsVersion = 12.5.1;
					};
				};
			};
			buildConfigurationList = B436687D26D68FCB00E6F235 /* Build configuration list for PBXProject "Football_fixtures" */;
			compatibilityVersion = "Xcode 9.3";
			developmentRegion = en;
			hasScannedForEncodings = 0;
			knownRegions = (
				en,
				Base,
			);
			mainGroup = B436687926D68FCB00E6F235;
			productRefGroup = B436688326D68FCB00E6F235 /* Products */;
			projectDirPath = "";
			projectRoot = "";
			targets = (
				B436688126D68FCB00E6F235 /* Football_fixtures */,
			);
		};
/* End PBXProject section */

/* Begin PBXResourcesBuildPhase section */
		B436688026D68FCB00E6F235 /* Resources */ = {
			isa = PBXResourcesBuildPhase;
			buildActionMask = 2147483647;
			files = (
				B436689226D68FD000E6F235 /* LaunchScreen.storyboard in Resources */,
				B436688F26D68FD000E6F235 /* Assets.xcassets in Resources */,
				B436688D26D68FCB00E6F235 /* Main.storyboard in Resources */,
			);
			runOnlyForDeploymentPostprocessing = 0;
		};
/* End PBXResourcesBuildPhase section */

/* Begin PBXSourcesBuildPhase section */
		B436687E26D68FCB00E6F235 /* Sources */ = {
			isa = PBXSourcesBuildPhase;
			buildActionMask = 2147483647;
			files = (
				B43668A826D932B400E6F235 /* TableViewCell.swift in Sources */,
				B436688A26D68FCB00E6F235 /* ViewController.swift in Sources */,
				B43668A626D9320A00E6F235 /* DataModel.swift in Sources */,
				B436688626D68FCB00E6F235 /* AppDelegate.swift in Sources */,
				B43668AA26DA17B000E6F235 /* NetworkService.swift in Sources */,
				B43668AD26DAF78D00E6F235 /* CompetitionViewController.swift in Sources */,
				B436688826D68FCB00E6F235 /* SceneDelegate.swift in Sources */,
				B43668AF26DAFD6000E6F235 /* CompetitionTableViewCell.swift in Sources */,
			);
			runOnlyForDeploymentPostprocessing = 0;
		};
/* End PBXSourcesBuildPhase section */

/* Begin PBXVariantGroup section */
		B436688B26D68FCB00E6F235 /* Main.storyboard */ = {
			isa = PBXVariantGroup;
			children = (
				B436688C26D68FCB00E6F235 /* Base */,
			);
			name = Main.storyboard;
			sourceTree = "<group>";
		};
		B436689026D68FD000E6F235 /* LaunchScreen.storyboard */ = {
			isa = PBXVariantGroup;
			children = (
				B436689126D68FD000E6F235 /* Base */,
			);
			name = LaunchScreen.storyboard;
			sourceTree = "<group>";
		};
/* End PBXVariantGroup section */

/* Begin XCBuildConfiguration section */
		B436689426D68FD000E6F235 /* Debug */ = {
			isa = XCBuildConfiguration;
			buildSettings = {
				ALWAYS_SEARCH_USER_PATHS = NO;
				CLANG_ANALYZER_NONNULL = YES;
				CLANG_ANALYZER_NUMBER_OBJECT_CONVERSION = YES_AGGRESSIVE;
				CLANG_CXX_LANGUAGE_STANDARD = "gnu++14";
				CLANG_CXX_LIBRARY = "libc++";
				CLANG_ENABLE_MODULES = YES;
				CLANG_ENABLE_OBJC_ARC = YES;
				CLANG_ENABLE_OBJC_WEAK = YES;
				CLANG_WARN_BLOCK_CAPTURE_AUTORELEASING = YES;
				CLANG_WARN_BOOL_CONVERSION = YES;
				CLANG_WARN_COMMA = YES;
				CLANG_WARN_CONSTANT_CONVERSION = YES;
				CLANG_WARN_DEPRECATED_OBJC_IMPLEMENTATIONS = YES;
				CLANG_WARN_DIRECT_OBJC_ISA_USAGE = YES_ERROR;
				CLANG_WARN_DOCUMENTATION_COMMENTS = YES;
				CLANG_WARN_EMPTY_BODY = YES;
				CLANG_WARN_ENUM_CONVERSION = YES;
				CLANG_WARN_INFINITE_RECURSION = YES;
				CLANG_WARN_INT_CONVERSION = YES;
				CLANG_WARN_NON_LITERAL_NULL_CONVERSION = YES;
				CLANG_WARN_OBJC_IMPLICIT_RETAIN_SELF = YES;
				CLANG_WARN_OBJC_LITERAL_CONVERSION = YES;
				CLANG_WARN_OBJC_ROOT_CLASS = YES_ERROR;
				CLANG_WARN_QUOTED_INCLUDE_IN_FRAMEWORK_HEADER = YES;
				CLANG_WARN_RANGE_LOOP_ANALYSIS = YES;
				CLANG_WARN_STRICT_PROTOTYPES = YES;
				CLANG_WARN_SUSPICIOUS_MOVE = YES;
				CLANG_WARN_UNGUARDED_AVAILABILITY = YES_AGGRESSIVE;
				CLANG_WARN_UNREACHABLE_CODE = YES;
				CLANG_WARN__DUPLICATE_METHOD_MATCH = YES;
				COPY_PHASE_STRIP = NO;
				DEBUG_INFORMATION_FORMAT = dwarf;
				ENABLE_STRICT_OBJC_MSGSEND = YES;
				ENABLE_TESTABILITY = YES;
				GCC_C_LANGUAGE_STANDARD = gnu11;
				GCC_DYNAMIC_NO_PIC = NO;
				GCC_NO_COMMON_BLOCKS = YES;
				GCC_OPTIMIZATION_LEVEL = 0;
				GCC_PREPROCESSOR_DEFINITIONS = (
					"DEBUG=1",
					"$(inherited)",
				);
				GCC_WARN_64_TO_32_BIT_CONVERSION = YES;
				GCC_WARN_ABOUT_RETURN_TYPE = YES_ERROR;
				GCC_WARN_UNDECLARED_SELECTOR = YES;
				GCC_WARN_UNINITIALIZED_AUTOS = YES_AGGRESSIVE;
				GCC_WARN_UNUSED_FUNCTION = YES;
				GCC_WARN_UNUSED_VARIABLE = YES;
				IPHONEOS_DEPLOYMENT_TARGET = 14.5;
				MTL_ENABLE_DEBUG_INFO = INCLUDE_SOURCE;
				MTL_FAST_MATH = YES;
				ONLY_ACTIVE_ARCH = YES;
				SDKROOT = iphoneos;
				SWIFT_ACTIVE_COMPILATION_CONDITIONS = DEBUG;
				SWIFT_OPTIMIZATION_LEVEL = "-Onone";
			};
			name = Debug;
		};
		B436689526D68FD000E6F235 /* Release */ = {
			isa = XCBuildConfiguration;
			buildSettings = {
				ALWAYS_SEARCH_USER_PATHS = NO;
				CLANG_ANALYZER_NONNULL = YES;
				CLANG_ANALYZER_NUMBER_OBJECT_CONVERSION = YES_AGGRESSIVE;
				CLANG_CXX_LANGUAGE_STANDARD = "gnu++14";
				CLANG_CXX_LIBRARY = "libc++";
				CLANG_ENABLE_MODULES = YES;
				CLANG_ENABLE_OBJC_ARC = YES;
				CLANG_ENABLE_OBJC_WEAK = YES;
				CLANG_WARN_BLOCK_CAPTURE_AUTORELEASING = YES;
				CLANG_WARN_BOOL_CONVERSION = YES;
				CLANG_WARN_COMMA = YES;
				CLANG_WARN_CONSTANT_CONVERSION = YES;
				CLANG_WARN_DEPRECATED_OBJC_IMPLEMENTATIONS = YES;
				CLANG_WARN_DIRECT_OBJC_ISA_USAGE = YES_ERROR;
				CLANG_WARN_DOCUMENTATION_COMMENTS = YES;
				CLANG_WARN_EMPTY_BODY = YES;
				CLANG_WARN_ENUM_CONVERSION = YES;
				CLANG_WARN_INFINITE_RECURSION = YES;
				CLANG_WARN_INT_CONVERSION = YES;
				CLANG_WARN_NON_LITERAL_NULL_CONVERSION = YES;
				CLANG_WARN_OBJC_IMPLICIT_RETAIN_SELF = YES;
				CLANG_WARN_OBJC_LITERAL_CONVERSION = YES;
				CLANG_WARN_OBJC_ROOT_CLASS = YES_ERROR;
				CLANG_WARN_QUOTED_INCLUDE_IN_FRAMEWORK_HEADER = YES;
				CLANG_WARN_RANGE_LOOP_ANALYSIS = YES;
				CLANG_WARN_STRICT_PROTOTYPES = YES;
				CLANG_WARN_SUSPICIOUS_MOVE = YES;
				CLANG_WARN_UNGUARDED_AVAILABILITY = YES_AGGRESSIVE;
				CLANG_WARN_UNREACHABLE_CODE = YES;
				CLANG_WARN__DUPLICATE_METHOD_MATCH = YES;
				COPY_PHASE_STRIP = NO;
				DEBUG_INFORMATION_FORMAT = "dwarf-with-dsym";
				ENABLE_NS_ASSERTIONS = NO;
				ENABLE_STRICT_OBJC_MSGSEND = YES;
				GCC_C_LANGUAGE_STANDARD = gnu11;
				GCC_NO_COMMON_BLOCKS = YES;
				GCC_WARN_64_TO_32_BIT_CONVERSION = YES;
				GCC_WARN_ABOUT_RETURN_TYPE = YES_ERROR;
				GCC_WARN_UNDECLARED_SELECTOR = YES;
				GCC_WARN_UNINITIALIZED_AUTOS = YES_AGGRESSIVE;
				GCC_WARN_UNUSED_FUNCTION = YES;
				GCC_WARN_UNUSED_VARIABLE = YES;
				IPHONEOS_DEPLOYMENT_TARGET = 14.5;
				MTL_ENABLE_DEBUG_INFO = NO;
				MTL_FAST_MATH = YES;
				SDKROOT = iphoneos;
				SWIFT_COMPILATION_MODE = wholemodule;
				SWIFT_OPTIMIZATION_LEVEL = "-O";
				VALIDATE_PRODUCT = YES;
			};
			name = Release;
		};
		B436689726D68FD000E6F235 /* Debug */ = {
			isa = XCBuildConfiguration;
			buildSettings = {
				ASSETCATALOG_COMPILER_APPICON_NAME = AppIcon;
				ASSETCATALOG_COMPILER_GLOBAL_ACCENT_COLOR_NAME = AccentColor;
				CODE_SIGN_STYLE = Automatic;
				INFOPLIST_FILE = Football_fixtures/Info.plist;
				LD_RUNPATH_SEARCH_PATHS = (
					"$(inherited)",
					"@executable_path/Frameworks",
				);
				PRODUCT_BUNDLE_IDENTIFIER = "brightsummit.co.Football-fixtures";
				PRODUCT_NAME = "$(TARGET_NAME)";
				SWIFT_VERSION = 5.0;
				TARGETED_DEVICE_FAMILY = "1,2";
			};
			name = Debug;
		};
		B436689826D68FD000E6F235 /* Release */ = {
			isa = XCBuildConfiguration;
			buildSettings = {
				ASSETCATALOG_COMPILER_APPICON_NAME = AppIcon;
				ASSETCATALOG_COMPILER_GLOBAL_ACCENT_COLOR_NAME = AccentColor;
				CODE_SIGN_STYLE = Automatic;
				INFOPLIST_FILE = Football_fixtures/Info.plist;
				LD_RUNPATH_SEARCH_PATHS = (
					"$(inherited)",
					"@executable_path/Frameworks",
				);
				PRODUCT_BUNDLE_IDENTIFIER = "brightsummit.co.Football-fixtures";
				PRODUCT_NAME = "$(TARGET_NAME)";
				SWIFT_VERSION = 5.0;
				TARGETED_DEVICE_FAMILY = "1,2";
			};
			name = Release;
		};
/* End XCBuildConfiguration section */

/* Begin XCConfigurationList section */
		B436687D26D68FCB00E6F235 /* Build configuration list for PBXProject "Football_fixtures" */ = {
			isa = XCConfigurationList;
			buildConfigurations = (
				B436689426D68FD000E6F235 /* Debug */,
				B436689526D68FD000E6F235 /* Release */,
			);
			defaultConfigurationIsVisible = 0;
			defaultConfigurationName = Release;
		};
		B436689626D68FD000E6F235 /* Build configuration list for PBXNativeTarget "Football_fixtures" */ = {
			isa = XCConfigurationList;
			buildConfigurations = (
				B436689726D68FD000E6F235 /* Debug */,
				B436689826D68FD000E6F235 /* Release */,
			);
			defaultConfigurationIsVisible = 0;
			defaultConfigurationName = Release;
		};
/* End XCConfigurationList section */
	};
	rootObject = B436687A26D68FCB00E6F235 /* Project object */;
}
